
Microsoft Visual Studio Solution File, Format Version 12.00
# Visual Studio Version 17
VisualStudioVersion = 17.8.34511.84
MinimumVisualStudioVersion = 10.0.40219.1
Project("{FAE04EC0-301F-11D3-BF4B-00C04F79EFBC}") = "AMS.UI", "AMS.UI\AMS.UI.csproj", "{31048C44-8289-4474-BF67-CF7C752F1C0E}"
EndProject
Global
	GlobalSection(SolutionConfigurationPlatforms) = preSolution
		Debug|Any CPU = Debug|Any CPU
		Release|Any CPU = Release|Any CPU
	EndGlobalSection
	GlobalSection(ProjectConfigurationPlatforms) = postSolution
		{31048C44-8289-4474-BF67-CF7C752F1C0E}.Debug|Any CPU.ActiveCfg = Debug|Any CPU
		{31048C44-8289-4474-BF67-CF7C752F1C0E}.Debug|Any CPU.Build.0 = Debug|Any CPU
		{31048C44-8289-4474-BF67-CF7C752F1C0E}.Release|Any CPU.ActiveCfg = Release|Any CPU
		{31048C44-8289-4474-BF67-CF7C752F1C0E}.Release|Any CPU.Build.0 = Release|Any CPU
	EndGlobalSection
	GlobalSection(SolutionProperties) = preSolution
		HideSolutionNode = FALSE
	EndGlobalSection
	GlobalSection(ExtensibilityGlobals) = postSolution
		SolutionGuid = {0E5F25AE-8342-4352-8D82-B68475468B8E}
	EndGlobalSection
EndGlobal
